
Microsoft Visual Studio Solution File, Format Version 12.00
# Visual Studio Version 17
VisualStudioVersion = 17.3.32804.467
MinimumVisualStudioVersion = 10.0.40219.1
Project("{9092AA53-FB77-4645-B42D-1CCCA6BD08BD}") = "utils-repo", "utils-repo.njsproj", "{623BA99A-724B-4C69-8542-3C119D30A907}"
EndProject
Global
	GlobalSection(SolutionConfigurationPlatforms) = preSolution
		Debug|Any CPU = Debug|Any CPU
		Release|Any CPU = Release|Any CPU
	EndGlobalSection
	GlobalSection(ProjectConfigurationPlatforms) = postSolution
		{623BA99A-724B-4C69-8542-3C119D30A907}.Debug|Any CPU.ActiveCfg = Debug|Any CPU
		{623BA99A-724B-4C69-8542-3C119D30A907}.Debug|Any CPU.Build.0 = Debug|Any CPU
		{623BA99A-724B-4C69-8542-3C119D30A907}.Release|Any CPU.ActiveCfg = Release|Any CPU
		{623BA99A-724B-4C69-8542-3C119D30A907}.Release|Any CPU.Build.0 = Release|Any CPU
	EndGlobalSection
	GlobalSection(SolutionProperties) = preSolution
		HideSolutionNode = FALSE
	EndGlobalSection
	GlobalSection(ExtensibilityGlobals) = postSolution
		SolutionGuid = {4A919C4B-2BB7-4D4B-AD36-034A17F3AFA3}
	EndGlobalSection
EndGlobal
